// !$*UTF8*$!
{
	archiveVersion = 1;
	classes = {
	};
	objectVersion = 50;
	objects = {

/* Begin PBXBuildFile section */
		FD104EED20EBC4AD0095044F /* MapParser.swift in Sources */ = {isa = PBXBuildFile; fileRef = FD104EEC20EBC4AD0095044F /* MapParser.swift */; };
		FD104EFE20EBE01A0095044F /* map.json in CopyFiles */ = {isa = PBXBuildFile; fileRef = FD104EF820EBDEBA0095044F /* map.json */; };
		FD3DAAF020EC372C00C7158E /* Readable.swift in Sources */ = {isa = PBXBuildFile; fileRef = FD3DAAEF20EC372C00C7158E /* Readable.swift */; };
		FD5F558220E9CF1C00E6BD78 /* Item.swift in Sources */ = {isa = PBXBuildFile; fileRef = FD5F558120E9CF1C00E6BD78 /* Item.swift */; };
		FDA5679D20E9F33A001BF074 /* OpenItemIntent.swift in Sources */ = {isa = PBXBuildFile; fileRef = FDA5679C20E9F33A001BF074 /* OpenItemIntent.swift */; };
		FDA5679F20E9F34E001BF074 /* GetItemIntent.swift in Sources */ = {isa = PBXBuildFile; fileRef = FDA5679E20E9F34E001BF074 /* GetItemIntent.swift */; };
		FDA567A120E9F37B001BF074 /* ExamineItemIntent.swift in Sources */ = {isa = PBXBuildFile; fileRef = FDA567A020E9F37B001BF074 /* ExamineItemIntent.swift */; };
		FDA567A320E9F38A001BF074 /* DropItemIntent.swift in Sources */ = {isa = PBXBuildFile; fileRef = FDA567A220E9F38A001BF074 /* DropItemIntent.swift */; };
		FDA567A720E9F3EE001BF074 /* ExamineRoomIntent.swift in Sources */ = {isa = PBXBuildFile; fileRef = FDA567A620E9F3EE001BF074 /* ExamineRoomIntent.swift */; };
		FDA567AA20E9F422001BF074 /* QuitGameIntent.swift in Sources */ = {isa = PBXBuildFile; fileRef = FDA567A920E9F422001BF074 /* QuitGameIntent.swift */; };
		FDA567AC20E9F452001BF074 /* TakeExitIntent.swift in Sources */ = {isa = PBXBuildFile; fileRef = FDA567AB20E9F452001BF074 /* TakeExitIntent.swift */; };
		FDA567AF20E9F4C5001BF074 /* Intent.swift in Sources */ = {isa = PBXBuildFile; fileRef = FDA567AE20E9F4C5001BF074 /* Intent.swift */; };
		FDA567B320E9F501001BF074 /* InventoryIntent.swift in Sources */ = {isa = PBXBuildFile; fileRef = FDA567B220E9F501001BF074 /* InventoryIntent.swift */; };
		FDA567B520E9F690001BF074 /* CloseItemIntent.swift in Sources */ = {isa = PBXBuildFile; fileRef = FDA567B420E9F690001BF074 /* CloseItemIntent.swift */; };
		FDA567B720E9FC3B001BF074 /* UnlockItemIntent.swift in Sources */ = {isa = PBXBuildFile; fileRef = FDA567B620E9FC3B001BF074 /* UnlockItemIntent.swift */; };
		FDA567B920EAD929001BF074 /* Lockable.swift in Sources */ = {isa = PBXBuildFile; fileRef = FDA567B820EAD929001BF074 /* Lockable.swift */; };
		FDA567BE20EAE90D001BF074 /* Container.swift in Sources */ = {isa = PBXBuildFile; fileRef = FDA567BD20EAE90D001BF074 /* Container.swift */; };
		FDA567C120EB0733001BF074 /* SlipperyFish.swift in Sources */ = {isa = PBXBuildFile; fileRef = FDA567C020EB0733001BF074 /* SlipperyFish.swift */; };
		FDA567C320EB207A001BF074 /* HelpIntent.swift in Sources */ = {isa = PBXBuildFile; fileRef = FDA567C220EB207A001BF074 /* HelpIntent.swift */; };
		FDA567C520EB20E4001BF074 /* IntentsIntent.swift in Sources */ = {isa = PBXBuildFile; fileRef = FDA567C420EB20E4001BF074 /* IntentsIntent.swift */; };
		FDA567C720EB30C8001BF074 /* Leaflet.swift in Sources */ = {isa = PBXBuildFile; fileRef = FDA567C620EB30C8001BF074 /* Leaflet.swift */; };
		FDA567C920EB31D7001BF074 /* ReadItemIntent.swift in Sources */ = {isa = PBXBuildFile; fileRef = FDA567C820EB31D7001BF074 /* ReadItemIntent.swift */; };
		FDC870D620E9559B00A5311A /* main.swift in Sources */ = {isa = PBXBuildFile; fileRef = FDC870D520E9559B00A5311A /* main.swift */; };
		FDC870DD20E956A600A5311A /* Game.swift in Sources */ = {isa = PBXBuildFile; fileRef = FDC870DC20E956A600A5311A /* Game.swift */; };
		FDC870DF20E956B900A5311A /* Logger.swift in Sources */ = {isa = PBXBuildFile; fileRef = FDC870DE20E956B900A5311A /* Logger.swift */; };
		FDC870E120E95A3F00A5311A /* Player.swift in Sources */ = {isa = PBXBuildFile; fileRef = FDC870E020E95A3F00A5311A /* Player.swift */; };
		FDC870E320E95B3000A5311A /* Room.swift in Sources */ = {isa = PBXBuildFile; fileRef = FDC870E220E95B3000A5311A /* Room.swift */; };
		FDC870E620E98B9000A5311A /* GameObject.swift in Sources */ = {isa = PBXBuildFile; fileRef = FDC870E520E98B9000A5311A /* GameObject.swift */; };
		FDC870E820E9967100A5311A /* Direction.swift in Sources */ = {isa = PBXBuildFile; fileRef = FDC870E720E9967100A5311A /* Direction.swift */; };
		FDC870EA20E99A4500A5311A /* Exit.swift in Sources */ = {isa = PBXBuildFile; fileRef = FDC870E920E99A4500A5311A /* Exit.swift */; };
		FDD87BE320EA99E300E7CAC8 /* Mailbox.swift in Sources */ = {isa = PBXBuildFile; fileRef = FDD87BE220EA99E300E7CAC8 /* Mailbox.swift */; };
		FDD87BE520EAA59C00E7CAC8 /* LookInsideItemIntent.swift in Sources */ = {isa = PBXBuildFile; fileRef = FDD87BE420EAA59C00E7CAC8 /* LookInsideItemIntent.swift */; };
		FDD87BEB20EACE2700E7CAC8 /* Openable.swift in Sources */ = {isa = PBXBuildFile; fileRef = FDD87BEA20EACE2700E7CAC8 /* Openable.swift */; };
/* End PBXBuildFile section */

/* Begin PBXCopyFilesBuildPhase section */
		FD104EFD20EBE0120095044F /* CopyFiles */ = {
			isa = PBXCopyFilesBuildPhase;
			buildActionMask = 2147483647;
			dstPath = "";
			dstSubfolderSpec = 7;
			files = (
				FD104EFE20EBE01A0095044F /* map.json in CopyFiles */,
			);
			runOnlyForDeploymentPostprocessing = 0;
		};
/* End PBXCopyFilesBuildPhase section */

/* Begin PBXFileReference section */
		FD104EEC20EBC4AD0095044F /* MapParser.swift */ = {isa = PBXFileReference; lastKnownFileType = sourcecode.swift; path = MapParser.swift; sourceTree = "<group>"; };
		FD104EF820EBDEBA0095044F /* map.json */ = {isa = PBXFileReference; fileEncoding = 4; lastKnownFileType = text.json; path = map.json; sourceTree = "<group>"; };
		FD3DAAEF20EC372C00C7158E /* Readable.swift */ = {isa = PBXFileReference; lastKnownFileType = sourcecode.swift; path = Readable.swift; sourceTree = "<group>"; };
		FD5F558120E9CF1C00E6BD78 /* Item.swift */ = {isa = PBXFileReference; lastKnownFileType = sourcecode.swift; path = Item.swift; sourceTree = "<group>"; };
		FDA5679C20E9F33A001BF074 /* OpenItemIntent.swift */ = {isa = PBXFileReference; lastKnownFileType = sourcecode.swift; path = OpenItemIntent.swift; sourceTree = "<group>"; };
		FDA5679E20E9F34E001BF074 /* GetItemIntent.swift */ = {isa = PBXFileReference; lastKnownFileType = sourcecode.swift; path = GetItemIntent.swift; sourceTree = "<group>"; };
		FDA567A020E9F37B001BF074 /* ExamineItemIntent.swift */ = {isa = PBXFileReference; lastKnownFileType = sourcecode.swift; path = ExamineItemIntent.swift; sourceTree = "<group>"; };
		FDA567A220E9F38A001BF074 /* DropItemIntent.swift */ = {isa = PBXFileReference; lastKnownFileType = sourcecode.swift; path = DropItemIntent.swift; sourceTree = "<group>"; };
		FDA567A620E9F3EE001BF074 /* ExamineRoomIntent.swift */ = {isa = PBXFileReference; lastKnownFileType = sourcecode.swift; path = ExamineRoomIntent.swift; sourceTree = "<group>"; };
		FDA567A920E9F422001BF074 /* QuitGameIntent.swift */ = {isa = PBXFileReference; lastKnownFileType = sourcecode.swift; path = QuitGameIntent.swift; sourceTree = "<group>"; };
		FDA567AB20E9F452001BF074 /* TakeExitIntent.swift */ = {isa = PBXFileReference; lastKnownFileType = sourcecode.swift; path = TakeExitIntent.swift; sourceTree = "<group>"; };
		FDA567AE20E9F4C5001BF074 /* Intent.swift */ = {isa = PBXFileReference; lastKnownFileType = sourcecode.swift; path = Intent.swift; sourceTree = "<group>"; };
		FDA567B220E9F501001BF074 /* InventoryIntent.swift */ = {isa = PBXFileReference; lastKnownFileType = sourcecode.swift; path = InventoryIntent.swift; sourceTree = "<group>"; };
		FDA567B420E9F690001BF074 /* CloseItemIntent.swift */ = {isa = PBXFileReference; lastKnownFileType = sourcecode.swift; path = CloseItemIntent.swift; sourceTree = "<group>"; };
		FDA567B620E9FC3B001BF074 /* UnlockItemIntent.swift */ = {isa = PBXFileReference; lastKnownFileType = sourcecode.swift; path = UnlockItemIntent.swift; sourceTree = "<group>"; };
		FDA567B820EAD929001BF074 /* Lockable.swift */ = {isa = PBXFileReference; lastKnownFileType = sourcecode.swift; path = Lockable.swift; sourceTree = "<group>"; };
		FDA567BD20EAE90D001BF074 /* Container.swift */ = {isa = PBXFileReference; lastKnownFileType = sourcecode.swift; path = Container.swift; sourceTree = "<group>"; };
		FDA567C020EB0733001BF074 /* SlipperyFish.swift */ = {isa = PBXFileReference; lastKnownFileType = sourcecode.swift; path = SlipperyFish.swift; sourceTree = "<group>"; };
		FDA567C220EB207A001BF074 /* HelpIntent.swift */ = {isa = PBXFileReference; lastKnownFileType = sourcecode.swift; path = HelpIntent.swift; sourceTree = "<group>"; };
		FDA567C420EB20E4001BF074 /* IntentsIntent.swift */ = {isa = PBXFileReference; lastKnownFileType = sourcecode.swift; path = IntentsIntent.swift; sourceTree = "<group>"; };
		FDA567C620EB30C8001BF074 /* Leaflet.swift */ = {isa = PBXFileReference; lastKnownFileType = sourcecode.swift; path = Leaflet.swift; sourceTree = "<group>"; };
		FDA567C820EB31D7001BF074 /* ReadItemIntent.swift */ = {isa = PBXFileReference; lastKnownFileType = sourcecode.swift; path = ReadItemIntent.swift; sourceTree = "<group>"; };
		FDC870D220E9559B00A5311A /* patd */ = {isa = PBXFileReference; explicitFileType = "compiled.mach-o.executable"; includeInIndex = 0; path = patd; sourceTree = BUILT_PRODUCTS_DIR; };
		FDC870D520E9559B00A5311A /* main.swift */ = {isa = PBXFileReference; lastKnownFileType = sourcecode.swift; path = main.swift; sourceTree = "<group>"; };
		FDC870DC20E956A600A5311A /* Game.swift */ = {isa = PBXFileReference; lastKnownFileType = sourcecode.swift; path = Game.swift; sourceTree = "<group>"; };
		FDC870DE20E956B900A5311A /* Logger.swift */ = {isa = PBXFileReference; lastKnownFileType = sourcecode.swift; path = Logger.swift; sourceTree = "<group>"; };
		FDC870E020E95A3F00A5311A /* Player.swift */ = {isa = PBXFileReference; lastKnownFileType = sourcecode.swift; path = Player.swift; sourceTree = "<group>"; };
		FDC870E220E95B3000A5311A /* Room.swift */ = {isa = PBXFileReference; lastKnownFileType = sourcecode.swift; path = Room.swift; sourceTree = "<group>"; };
		FDC870E520E98B9000A5311A /* GameObject.swift */ = {isa = PBXFileReference; lastKnownFileType = sourcecode.swift; path = GameObject.swift; sourceTree = "<group>"; };
		FDC870E720E9967100A5311A /* Direction.swift */ = {isa = PBXFileReference; lastKnownFileType = sourcecode.swift; path = Direction.swift; sourceTree = "<group>"; };
		FDC870E920E99A4500A5311A /* Exit.swift */ = {isa = PBXFileReference; lastKnownFileType = sourcecode.swift; path = Exit.swift; sourceTree = "<group>"; };
		FDD87BE220EA99E300E7CAC8 /* Mailbox.swift */ = {isa = PBXFileReference; lastKnownFileType = sourcecode.swift; path = Mailbox.swift; sourceTree = "<group>"; };
		FDD87BE420EAA59C00E7CAC8 /* LookInsideItemIntent.swift */ = {isa = PBXFileReference; lastKnownFileType = sourcecode.swift; path = LookInsideItemIntent.swift; sourceTree = "<group>"; };
		FDD87BEA20EACE2700E7CAC8 /* Openable.swift */ = {isa = PBXFileReference; lastKnownFileType = sourcecode.swift; path = Openable.swift; sourceTree = "<group>"; };
/* End PBXFileReference section */

/* Begin PBXFrameworksBuildPhase section */
		FDC870CF20E9559B00A5311A /* Frameworks */ = {
			isa = PBXFrameworksBuildPhase;
			buildActionMask = 2147483647;
			files = (
			);
			runOnlyForDeploymentPostprocessing = 0;
		};
/* End PBXFrameworksBuildPhase section */

/* Begin PBXGroup section */
		FD104EF720EBDEBA0095044F /* Resources */ = {
			isa = PBXGroup;
			children = (
				FD104EF820EBDEBA0095044F /* map.json */,
			);
			path = Resources;
			sourceTree = SOURCE_ROOT;
		};
		FD3DAAF120EC3BD200C7158E /* Extensions */ = {
			isa = PBXGroup;
			children = (
			);
			path = Extensions;
			sourceTree = "<group>";
		};
		FDA5679A20E9F31F001BF074 /* Item */ = {
			isa = PBXGroup;
			children = (
				FDA5679B20E9F32D001BF074 /* Intents */,
				FD5F558120E9CF1C00E6BD78 /* Item.swift */,
			);
			path = Item;
			sourceTree = "<group>";
		};
		FDA5679B20E9F32D001BF074 /* Intents */ = {
			isa = PBXGroup;
			children = (
				FDA5679C20E9F33A001BF074 /* OpenItemIntent.swift */,
				FDA5679E20E9F34E001BF074 /* GetItemIntent.swift */,
				FDA567A020E9F37B001BF074 /* ExamineItemIntent.swift */,
				FDA567A220E9F38A001BF074 /* DropItemIntent.swift */,
				FDA567B420E9F690001BF074 /* CloseItemIntent.swift */,
				FDA567B620E9FC3B001BF074 /* UnlockItemIntent.swift */,
				FDD87BE420EAA59C00E7CAC8 /* LookInsideItemIntent.swift */,
				FDA567C820EB31D7001BF074 /* ReadItemIntent.swift */,
			);
			path = Intents;
			sourceTree = "<group>";
		};
		FDA567A420E9F3DA001BF074 /* Room */ = {
			isa = PBXGroup;
			children = (
				FDA567A520E9F3E4001BF074 /* Intents */,
				FDC870E220E95B3000A5311A /* Room.swift */,
			);
			path = Room;
			sourceTree = "<group>";
		};
		FDA567A520E9F3E4001BF074 /* Intents */ = {
			isa = PBXGroup;
			children = (
				FDA567A620E9F3EE001BF074 /* ExamineRoomIntent.swift */,
				FDA567AB20E9F452001BF074 /* TakeExitIntent.swift */,
			);
			path = Intents;
			sourceTree = "<group>";
		};
		FDA567A820E9F418001BF074 /* Intents */ = {
			isa = PBXGroup;
			children = (
				FDA567A920E9F422001BF074 /* QuitGameIntent.swift */,
				FDA567C220EB207A001BF074 /* HelpIntent.swift */,
				FDA567C420EB20E4001BF074 /* IntentsIntent.swift */,
			);
			path = Intents;
			sourceTree = "<group>";
		};
		FDA567B020E9F4EF001BF074 /* Player */ = {
			isa = PBXGroup;
			children = (
				FDA567B120E9F4F7001BF074 /* Intents */,
				FDC870E020E95A3F00A5311A /* Player.swift */,
			);
			path = Player;
			sourceTree = "<group>";
		};
		FDA567B120E9F4F7001BF074 /* Intents */ = {
			isa = PBXGroup;
			children = (
				FDA567B220E9F501001BF074 /* InventoryIntent.swift */,
			);
			path = Intents;
			sourceTree = "<group>";
		};
		FDA567BF20EB071E001BF074 /* TestItems */ = {
			isa = PBXGroup;
			children = (
				FDD87BE220EA99E300E7CAC8 /* Mailbox.swift */,
				FDA567C020EB0733001BF074 /* SlipperyFish.swift */,
				FDA567C620EB30C8001BF074 /* Leaflet.swift */,
			);
			path = TestItems;
			sourceTree = "<group>";
		};
		FDC870C920E9559B00A5311A = {
			isa = PBXGroup;
			children = (
				FDC870D420E9559B00A5311A /* patd */,
				FD104EF720EBDEBA0095044F /* Resources */,
				FDC870D320E9559B00A5311A /* Products */,
			);
			sourceTree = "<group>";
		};
		FDC870D320E9559B00A5311A /* Products */ = {
			isa = PBXGroup;
			children = (
				FDC870D220E9559B00A5311A /* patd */,
			);
			name = Products;
			sourceTree = "<group>";
		};
		FDC870D420E9559B00A5311A /* patd */ = {
			isa = PBXGroup;
			children = (
				FDC870EB20E99A5B00A5311A /* Game */,
				FDC870D520E9559B00A5311A /* main.swift */,
				FD104EEC20EBC4AD0095044F /* MapParser.swift */,
			);
			path = patd;
			sourceTree = "<group>";
		};
		FDC870EB20E99A5B00A5311A /* Game */ = {
			isa = PBXGroup;
			children = (
				FD3DAAF120EC3BD200C7158E /* Extensions */,
				FDD87BE920EACE0800E7CAC8 /* Traits */,
				FDA567B020E9F4EF001BF074 /* Player */,
				FDA567A820E9F418001BF074 /* Intents */,
				FDA567A420E9F3DA001BF074 /* Room */,
				FDA567BF20EB071E001BF074 /* TestItems */,
				FDA5679A20E9F31F001BF074 /* Item */,
				FDC870DC20E956A600A5311A /* Game.swift */,
				FDC870E920E99A4500A5311A /* Exit.swift */,
				FDC870DE20E956B900A5311A /* Logger.swift */,
				FDC870E520E98B9000A5311A /* GameObject.swift */,
				FDC870E720E9967100A5311A /* Direction.swift */,
				FDA567AE20E9F4C5001BF074 /* Intent.swift */,
			);
			path = Game;
			sourceTree = "<group>";
		};
		FDD87BE920EACE0800E7CAC8 /* Traits */ = {
			isa = PBXGroup;
			children = (
				FDD87BEA20EACE2700E7CAC8 /* Openable.swift */,
				FDA567B820EAD929001BF074 /* Lockable.swift */,
				FDA567BD20EAE90D001BF074 /* Container.swift */,
				FD3DAAEF20EC372C00C7158E /* Readable.swift */,
			);
			path = Traits;
			sourceTree = "<group>";
		};
/* End PBXGroup section */

/* Begin PBXNativeTarget section */
		FDC870D120E9559B00A5311A /* patd */ = {
			isa = PBXNativeTarget;
			buildConfigurationList = FDC870D920E9559B00A5311A /* Build configuration list for PBXNativeTarget "patd" */;
			buildPhases = (
				FDC870CE20E9559B00A5311A /* Sources */,
				FDC870CF20E9559B00A5311A /* Frameworks */,
				FD104EFD20EBE0120095044F /* CopyFiles */,
			);
			buildRules = (
			);
			dependencies = (
			);
			name = patd;
			productName = patd;
			productReference = FDC870D220E9559B00A5311A /* patd */;
			productType = "com.apple.product-type.tool";
		};
/* End PBXNativeTarget section */

/* Begin PBXProject section */
		FDC870CA20E9559B00A5311A /* Project object */ = {
			isa = PBXProject;
			attributes = {
				LastSwiftUpdateCheck = 0940;
				LastUpgradeCheck = 0940;
				ORGANIZATIONNAME = Thingerly;
				TargetAttributes = {
					FDC870D120E9559B00A5311A = {
						CreatedOnToolsVersion = 9.4.1;
					};
				};
			};
			buildConfigurationList = FDC870CD20E9559B00A5311A /* Build configuration list for PBXProject "patd" */;
			compatibilityVersion = "Xcode 9.3";
			developmentRegion = en;
			hasScannedForEncodings = 0;
			knownRegions = (
				en,
			);
			mainGroup = FDC870C920E9559B00A5311A;
			productRefGroup = FDC870D320E9559B00A5311A /* Products */;
			projectDirPath = "";
			projectRoot = "";
			targets = (
				FDC870D120E9559B00A5311A /* patd */,
			);
		};
/* End PBXProject section */

/* Begin PBXSourcesBuildPhase section */
		FDC870CE20E9559B00A5311A /* Sources */ = {
			isa = PBXSourcesBuildPhase;
			buildActionMask = 2147483647;
			files = (
				FDA567C920EB31D7001BF074 /* ReadItemIntent.swift in Sources */,
				FDA567AC20E9F452001BF074 /* TakeExitIntent.swift in Sources */,
				FDC870E820E9967100A5311A /* Direction.swift in Sources */,
				FD5F558220E9CF1C00E6BD78 /* Item.swift in Sources */,
				FDA567C320EB207A001BF074 /* HelpIntent.swift in Sources */,
				FDA567A120E9F37B001BF074 /* ExamineItemIntent.swift in Sources */,
				FDA567B320E9F501001BF074 /* InventoryIntent.swift in Sources */,
				FDD87BE520EAA59C00E7CAC8 /* LookInsideItemIntent.swift in Sources */,
				FDC870E120E95A3F00A5311A /* Player.swift in Sources */,
				FDA567B720E9FC3B001BF074 /* UnlockItemIntent.swift in Sources */,
				FDC870D620E9559B00A5311A /* main.swift in Sources */,
				FD104EED20EBC4AD0095044F /* MapParser.swift in Sources */,
				FDC870DF20E956B900A5311A /* Logger.swift in Sources */,
				FDA5679F20E9F34E001BF074 /* GetItemIntent.swift in Sources */,
				FDA567AF20E9F4C5001BF074 /* Intent.swift in Sources */,
				FDC870DD20E956A600A5311A /* Game.swift in Sources */,
				FDC870E620E98B9000A5311A /* GameObject.swift in Sources */,
				FDA567A320E9F38A001BF074 /* DropItemIntent.swift in Sources */,
				FDC870E320E95B3000A5311A /* Room.swift in Sources */,
				FDA567AA20E9F422001BF074 /* QuitGameIntent.swift in Sources */,
				FDA567C120EB0733001BF074 /* SlipperyFish.swift in Sources */,
				FDD87BE320EA99E300E7CAC8 /* Mailbox.swift in Sources */,
				FDA5679D20E9F33A001BF074 /* OpenItemIntent.swift in Sources */,
				FDA567C520EB20E4001BF074 /* IntentsIntent.swift in Sources */,
				FDA567A720E9F3EE001BF074 /* ExamineRoomIntent.swift in Sources */,
				FD3DAAF020EC372C00C7158E /* Readable.swift in Sources */,
				FDA567B520E9F690001BF074 /* CloseItemIntent.swift in Sources */,
				FDD87BEB20EACE2700E7CAC8 /* Openable.swift in Sources */,
				FDA567C720EB30C8001BF074 /* Leaflet.swift in Sources */,
				FDA567BE20EAE90D001BF074 /* Container.swift in Sources */,
				FDA567B920EAD929001BF074 /* Lockable.swift in Sources */,
				FDC870EA20E99A4500A5311A /* Exit.swift in Sources */,
			);
			runOnlyForDeploymentPostprocessing = 0;
		};
/* End PBXSourcesBuildPhase section */

/* Begin XCBuildConfiguration section */
		FDC870D720E9559B00A5311A /* Debug */ = {
			isa = XCBuildConfiguration;
			buildSettings = {
				ALWAYS_SEARCH_USER_PATHS = NO;
				CLANG_ANALYZER_NONNULL = YES;
				CLANG_ANALYZER_NUMBER_OBJECT_CONVERSION = YES_AGGRESSIVE;
				CLANG_CXX_LANGUAGE_STANDARD = "gnu++14";
				CLANG_CXX_LIBRARY = "libc++";
				CLANG_ENABLE_MODULES = YES;
				CLANG_ENABLE_OBJC_ARC = YES;
				CLANG_ENABLE_OBJC_WEAK = YES;
				CLANG_WARN_BLOCK_CAPTURE_AUTORELEASING = YES;
				CLANG_WARN_BOOL_CONVERSION = YES;
				CLANG_WARN_COMMA = YES;
				CLANG_WARN_CONSTANT_CONVERSION = YES;
				CLANG_WARN_DEPRECATED_OBJC_IMPLEMENTATIONS = YES;
				CLANG_WARN_DIRECT_OBJC_ISA_USAGE = YES_ERROR;
				CLANG_WARN_DOCUMENTATION_COMMENTS = YES;
				CLANG_WARN_EMPTY_BODY = YES;
				CLANG_WARN_ENUM_CONVERSION = YES;
				CLANG_WARN_INFINITE_RECURSION = YES;
				CLANG_WARN_INT_CONVERSION = YES;
				CLANG_WARN_NON_LITERAL_NULL_CONVERSION = YES;
				CLANG_WARN_OBJC_IMPLICIT_RETAIN_SELF = YES;
				CLANG_WARN_OBJC_LITERAL_CONVERSION = YES;
				CLANG_WARN_OBJC_ROOT_CLASS = YES_ERROR;
				CLANG_WARN_RANGE_LOOP_ANALYSIS = YES;
				CLANG_WARN_STRICT_PROTOTYPES = YES;
				CLANG_WARN_SUSPICIOUS_MOVE = YES;
				CLANG_WARN_UNGUARDED_AVAILABILITY = YES_AGGRESSIVE;
				CLANG_WARN_UNREACHABLE_CODE = YES;
				CLANG_WARN__DUPLICATE_METHOD_MATCH = YES;
				CODE_SIGN_IDENTITY = "-";
				COPY_PHASE_STRIP = NO;
				DEBUG_INFORMATION_FORMAT = dwarf;
				ENABLE_STRICT_OBJC_MSGSEND = YES;
				ENABLE_TESTABILITY = YES;
				GCC_C_LANGUAGE_STANDARD = gnu11;
				GCC_DYNAMIC_NO_PIC = NO;
				GCC_NO_COMMON_BLOCKS = YES;
				GCC_OPTIMIZATION_LEVEL = 0;
				GCC_PREPROCESSOR_DEFINITIONS = (
					"DEBUG=1",
					"$(inherited)",
				);
				GCC_WARN_64_TO_32_BIT_CONVERSION = YES;
				GCC_WARN_ABOUT_RETURN_TYPE = YES_ERROR;
				GCC_WARN_UNDECLARED_SELECTOR = YES;
				GCC_WARN_UNINITIALIZED_AUTOS = YES_AGGRESSIVE;
				GCC_WARN_UNUSED_FUNCTION = YES;
				GCC_WARN_UNUSED_VARIABLE = YES;
				MACOSX_DEPLOYMENT_TARGET = 10.13;
				MTL_ENABLE_DEBUG_INFO = YES;
				ONLY_ACTIVE_ARCH = YES;
				SDKROOT = macosx;
				SWIFT_ACTIVE_COMPILATION_CONDITIONS = DEBUG;
				SWIFT_OPTIMIZATION_LEVEL = "-Onone";
			};
			name = Debug;
		};
		FDC870D820E9559B00A5311A /* Release */ = {
			isa = XCBuildConfiguration;
			buildSettings = {
				ALWAYS_SEARCH_USER_PATHS = NO;
				CLANG_ANALYZER_NONNULL = YES;
				CLANG_ANALYZER_NUMBER_OBJECT_CONVERSION = YES_AGGRESSIVE;
				CLANG_CXX_LANGUAGE_STANDARD = "gnu++14";
				CLANG_CXX_LIBRARY = "libc++";
				CLANG_ENABLE_MODULES = YES;
				CLANG_ENABLE_OBJC_ARC = YES;
				CLANG_ENABLE_OBJC_WEAK = YES;
				CLANG_WARN_BLOCK_CAPTURE_AUTORELEASING = YES;
				CLANG_WARN_BOOL_CONVERSION = YES;
				CLANG_WARN_COMMA = YES;
				CLANG_WARN_CONSTANT_CONVERSION = YES;
				CLANG_WARN_DEPRECATED_OBJC_IMPLEMENTATIONS = YES;
				CLANG_WARN_DIRECT_OBJC_ISA_USAGE = YES_ERROR;
				CLANG_WARN_DOCUMENTATION_COMMENTS = YES;
				CLANG_WARN_EMPTY_BODY = YES;
				CLANG_WARN_ENUM_CONVERSION = YES;
				CLANG_WARN_INFINITE_RECURSION = YES;
				CLANG_WARN_INT_CONVERSION = YES;
				CLANG_WARN_NON_LITERAL_NULL_CONVERSION = YES;
				CLANG_WARN_OBJC_IMPLICIT_RETAIN_SELF = YES;
				CLANG_WARN_OBJC_LITERAL_CONVERSION = YES;
				CLANG_WARN_OBJC_ROOT_CLASS = YES_ERROR;
				CLANG_WARN_RANGE_LOOP_ANALYSIS = YES;
				CLANG_WARN_STRICT_PROTOTYPES = YES;
				CLANG_WARN_SUSPICIOUS_MOVE = YES;
				CLANG_WARN_UNGUARDED_AVAILABILITY = YES_AGGRESSIVE;
				CLANG_WARN_UNREACHABLE_CODE = YES;
				CLANG_WARN__DUPLICATE_METHOD_MATCH = YES;
				CODE_SIGN_IDENTITY = "-";
				COPY_PHASE_STRIP = NO;
				DEBUG_INFORMATION_FORMAT = "dwarf-with-dsym";
				ENABLE_NS_ASSERTIONS = NO;
				ENABLE_STRICT_OBJC_MSGSEND = YES;
				GCC_C_LANGUAGE_STANDARD = gnu11;
				GCC_NO_COMMON_BLOCKS = YES;
				GCC_WARN_64_TO_32_BIT_CONVERSION = YES;
				GCC_WARN_ABOUT_RETURN_TYPE = YES_ERROR;
				GCC_WARN_UNDECLARED_SELECTOR = YES;
				GCC_WARN_UNINITIALIZED_AUTOS = YES_AGGRESSIVE;
				GCC_WARN_UNUSED_FUNCTION = YES;
				GCC_WARN_UNUSED_VARIABLE = YES;
				MACOSX_DEPLOYMENT_TARGET = 10.13;
				MTL_ENABLE_DEBUG_INFO = NO;
				SDKROOT = macosx;
				SWIFT_COMPILATION_MODE = wholemodule;
				SWIFT_OPTIMIZATION_LEVEL = "-O";
			};
			name = Release;
		};
		FDC870DA20E9559B00A5311A /* Debug */ = {
			isa = XCBuildConfiguration;
			buildSettings = {
				CODE_SIGN_STYLE = Automatic;
				PRODUCT_NAME = "$(TARGET_NAME)";
				SWIFT_VERSION = 4.0;
			};
			name = Debug;
		};
		FDC870DB20E9559B00A5311A /* Release */ = {
			isa = XCBuildConfiguration;
			buildSettings = {
				CODE_SIGN_STYLE = Automatic;
				PRODUCT_NAME = "$(TARGET_NAME)";
				SWIFT_VERSION = 4.0;
			};
			name = Release;
		};
/* End XCBuildConfiguration section */

/* Begin XCConfigurationList section */
		FDC870CD20E9559B00A5311A /* Build configuration list for PBXProject "patd" */ = {
			isa = XCConfigurationList;
			buildConfigurations = (
				FDC870D720E9559B00A5311A /* Debug */,
				FDC870D820E9559B00A5311A /* Release */,
			);
			defaultConfigurationIsVisible = 0;
			defaultConfigurationName = Release;
		};
		FDC870D920E9559B00A5311A /* Build configuration list for PBXNativeTarget "patd" */ = {
			isa = XCConfigurationList;
			buildConfigurations = (
				FDC870DA20E9559B00A5311A /* Debug */,
				FDC870DB20E9559B00A5311A /* Release */,
			);
			defaultConfigurationIsVisible = 0;
			defaultConfigurationName = Release;
		};
/* End XCConfigurationList section */
	};
	rootObject = FDC870CA20E9559B00A5311A /* Project object */;
}
